
Microsoft Visual Studio Solution File, Format Version 12.00
# Visual Studio Version 17
VisualStudioVersion = 17.0.31903.59
MinimumVisualStudioVersion = 10.0.40219.1
Project("{2150E333-8FDC-42A3-9474-1A3956D46DE8}") = "src", "src", "{E552C482-942B-4DB6-A1DE-EB8BE36E5144}"
EndProject
Project("{9A19103F-16F7-4668-BE54-9A1E7A4F7556}") = "AccountCreation.Api", "src\AccountCreation.Api\AccountCreation.Api.csproj", "{807C9CFE-A77E-4A18-BE0E-40FDC570A072}"
EndProject
Project("{9A19103F-16F7-4668-BE54-9A1E7A4F7556}") = "EventConsumer", "src\EventConsumer\EventConsumer.csproj", "{FAA2EF47-AA4D-4813-B509-16BDD29E1CFD}"
EndProject
Project("{E53339B2-1760-4266-BCC7-CA923CBCF16C}") = "docker-compose", "docker-compose.dcproj", "{CFAD9BDF-FF64-4ADB-B9A0-703D92385D2C}"
EndProject
Global
	GlobalSection(SolutionConfigurationPlatforms) = preSolution
		Debug|Any CPU = Debug|Any CPU
		Release|Any CPU = Release|Any CPU
	EndGlobalSection
	GlobalSection(ProjectConfigurationPlatforms) = postSolution
		{807C9CFE-A77E-4A18-BE0E-40FDC570A072}.Debug|Any CPU.ActiveCfg = Debug|Any CPU
		{807C9CFE-A77E-4A18-BE0E-40FDC570A072}.Debug|Any CPU.Build.0 = Debug|Any CPU
		{807C9CFE-A77E-4A18-BE0E-40FDC570A072}.Release|Any CPU.ActiveCfg = Release|Any CPU
		{807C9CFE-A77E-4A18-BE0E-40FDC570A072}.Release|Any CPU.Build.0 = Release|Any CPU
		{FAA2EF47-AA4D-4813-B509-16BDD29E1CFD}.Debug|Any CPU.ActiveCfg = Debug|Any CPU
		{FAA2EF47-AA4D-4813-B509-16BDD29E1CFD}.Debug|Any CPU.Build.0 = Debug|Any CPU
		{FAA2EF47-AA4D-4813-B509-16BDD29E1CFD}.Release|Any CPU.ActiveCfg = Release|Any CPU
		{FAA2EF47-AA4D-4813-B509-16BDD29E1CFD}.Release|Any CPU.Build.0 = Release|Any CPU
		{CFAD9BDF-FF64-4ADB-B9A0-703D92385D2C}.Debug|Any CPU.ActiveCfg = Debug|Any CPU
		{CFAD9BDF-FF64-4ADB-B9A0-703D92385D2C}.Debug|Any CPU.Build.0 = Debug|Any CPU
		{CFAD9BDF-FF64-4ADB-B9A0-703D92385D2C}.Release|Any CPU.ActiveCfg = Release|Any CPU
		{CFAD9BDF-FF64-4ADB-B9A0-703D92385D2C}.Release|Any CPU.Build.0 = Release|Any CPU
	EndGlobalSection
	GlobalSection(SolutionProperties) = preSolution
		HideSolutionNode = FALSE
	EndGlobalSection
	GlobalSection(NestedProjects) = preSolution
		{807C9CFE-A77E-4A18-BE0E-40FDC570A072} = {E552C482-942B-4DB6-A1DE-EB8BE36E5144}
		{FAA2EF47-AA4D-4813-B509-16BDD29E1CFD} = {E552C482-942B-4DB6-A1DE-EB8BE36E5144}
	EndGlobalSection
	GlobalSection(ExtensibilityGlobals) = postSolution
		SolutionGuid = {89E4AEF7-D6B9-4450-83B1-D8A14313303E}
	EndGlobalSection
EndGlobal
